
Microsoft Visual Studio Solution File, Format Version 12.00
# Visual Studio 15
VisualStudioVersion = 15.0.28307.960
MinimumVisualStudioVersion = 10.0.40219.1
Project("{FAE04EC0-301F-11D3-BF4B-00C04F79EFBC}") = "KekeliWebsite", "KekeliWebsite\KekeliWebsite.csproj", "{02E21076-543F-4178-87D2-4BCEBC6DFFAC}"
EndProject
Global
	GlobalSection(SolutionConfigurationPlatforms) = preSolution
		Debug|Any CPU = Debug|Any CPU
		Release|Any CPU = Release|Any CPU
	EndGlobalSection
	GlobalSection(ProjectConfigurationPlatforms) = postSolution
		{02E21076-543F-4178-87D2-4BCEBC6DFFAC}.Debug|Any CPU.ActiveCfg = Debug|Any CPU
		{02E21076-543F-4178-87D2-4BCEBC6DFFAC}.Debug|Any CPU.Build.0 = Debug|Any CPU
		{02E21076-543F-4178-87D2-4BCEBC6DFFAC}.Release|Any CPU.ActiveCfg = Release|Any CPU
		{02E21076-543F-4178-87D2-4BCEBC6DFFAC}.Release|Any CPU.Build.0 = Release|Any CPU
	EndGlobalSection
	GlobalSection(SolutionProperties) = preSolution
		HideSolutionNode = FALSE
	EndGlobalSection
	GlobalSection(ExtensibilityGlobals) = postSolution
		SolutionGuid = {70380B70-8B5F-40BC-933E-CB1E9AF8297B}
	EndGlobalSection
EndGlobal
